
Microsoft Visual Studio Solution File, Format Version 12.00
# Visual Studio Version 16
VisualStudioVersion = 16.0.30503.244
MinimumVisualStudioVersion = 10.0.40219.1
Project("{FAE04EC0-301F-11D3-BF4B-00C04F79EFBC}") = "ParkwayAssessmentTwo", "ParkwayAssessmentTwo\ParkwayAssessmentTwo.csproj", "{7219B071-64F3-413E-8608-E38141FF724E}"
EndProject
Global
	GlobalSection(SolutionConfigurationPlatforms) = preSolution
		Debug|Any CPU = Debug|Any CPU
		Release|Any CPU = Release|Any CPU
	EndGlobalSection
	GlobalSection(ProjectConfigurationPlatforms) = postSolution
		{7219B071-64F3-413E-8608-E38141FF724E}.Debug|Any CPU.ActiveCfg = Debug|Any CPU
		{7219B071-64F3-413E-8608-E38141FF724E}.Debug|Any CPU.Build.0 = Debug|Any CPU
		{7219B071-64F3-413E-8608-E38141FF724E}.Release|Any CPU.ActiveCfg = Release|Any CPU
		{7219B071-64F3-413E-8608-E38141FF724E}.Release|Any CPU.Build.0 = Release|Any CPU
	EndGlobalSection
	GlobalSection(SolutionProperties) = preSolution
		HideSolutionNode = FALSE
	EndGlobalSection
	GlobalSection(ExtensibilityGlobals) = postSolution
		SolutionGuid = {1FEA7C86-C712-447D-8667-56646DBC0C7A}
	EndGlobalSection
EndGlobal
